
Microsoft Visual Studio Solution File, Format Version 12.00
# Visual Studio Version 17
VisualStudioVersion = 17.14.36623.8 d17.14
MinimumVisualStudioVersion = 10.0.40219.1
Project("{FAE04EC0-301F-11D3-BF4B-00C04F79EFBC}") = "MortgageCalculator", "MortgageCalculator\MortgageCalculator.csproj", "{4DFF66E4-CFBA-4B19-8E95-02F0DA93C91D}"
EndProject
Global
	GlobalSection(SolutionConfigurationPlatforms) = preSolution
		Debug|Any CPU = Debug|Any CPU
		Release|Any CPU = Release|Any CPU
	EndGlobalSection
	GlobalSection(ProjectConfigurationPlatforms) = postSolution
		{4DFF66E4-CFBA-4B19-8E95-02F0DA93C91D}.Debug|Any CPU.ActiveCfg = Debug|Any CPU
		{4DFF66E4-CFBA-4B19-8E95-02F0DA93C91D}.Debug|Any CPU.Build.0 = Debug|Any CPU
		{4DFF66E4-CFBA-4B19-8E95-02F0DA93C91D}.Release|Any CPU.ActiveCfg = Release|Any CPU
		{4DFF66E4-CFBA-4B19-8E95-02F0DA93C91D}.Release|Any CPU.Build.0 = Release|Any CPU
	EndGlobalSection
	GlobalSection(SolutionProperties) = preSolution
		HideSolutionNode = FALSE
	EndGlobalSection
	GlobalSection(ExtensibilityGlobals) = postSolution
		SolutionGuid = {46C1E4FD-7A10-4746-89C4-6E1280A3729A}
	EndGlobalSection
EndGlobal
